
Microsoft Visual Studio Solution File, Format Version 12.00
# Visual Studio Version 17
VisualStudioVersion = 17.8.34322.80
MinimumVisualStudioVersion = 10.0.40219.1
Project("{2150E333-8FDC-42A3-9474-1A3956D46DE8}") = "backend", "backend", "{0FA737DF-6D7C-4A7E-B274-FD8895266285}"
EndProject
Project("{2150E333-8FDC-42A3-9474-1A3956D46DE8}") = "src", "src", "{4E78F46D-FE3F-4624-AD83-17D2BDCA6C26}"
	ProjectSection(SolutionItems) = preProject
		backend\src\Dockerfile = backend\src\Dockerfile
	EndProjectSection
EndProject
Project("{9A19103F-16F7-4668-BE54-9A1E7A4F7556}") = "SharedKernel", "backend\src\SharedKernel\SharedKernel.csproj", "{2FCAD7AB-5614-45DD-AC8C-BA137765A1D9}"
EndProject
Project("{9A19103F-16F7-4668-BE54-9A1E7A4F7556}") = "Domain", "backend\src\Domain\Domain.csproj", "{F46517AD-4587-48C4-B290-31A88277F8DF}"
EndProject
Project("{9A19103F-16F7-4668-BE54-9A1E7A4F7556}") = "Application", "backend\src\Application\Application.csproj", "{EC1590D2-64FB-4F95-967A-4625C6876C20}"
	ProjectSection(ProjectDependencies) = postProject
		{F46517AD-4587-48C4-B290-31A88277F8DF} = {F46517AD-4587-48C4-B290-31A88277F8DF}
	EndProjectSection
EndProject
Project("{9A19103F-16F7-4668-BE54-9A1E7A4F7556}") = "Infrastructure", "backend\src\Infrastructure\Infrastructure.csproj", "{229389F1-20CD-48D0-A887-C0EED384898E}"
EndProject
Project("{9A19103F-16F7-4668-BE54-9A1E7A4F7556}") = "WebAPI", "backend\src\WebAPI\WebAPI.csproj", "{7FA72C71-699B-4D91-BE84-413F9EA3474D}"
EndProject
Project("{2150E333-8FDC-42A3-9474-1A3956D46DE8}") = "Solution Items", "Solution Items", "{4AB980B5-CB4F-4002-88B1-FB577C95E4C0}"
	ProjectSection(SolutionItems) = preProject
		docker-compose.yml = docker-compose.yml
	EndProjectSection
EndProject
Project("{2150E333-8FDC-42A3-9474-1A3956D46DE8}") = "tests", "tests", "{071A76B3-63B2-4654-B814-60622F012D7E}"
EndProject
Project("{2150E333-8FDC-42A3-9474-1A3956D46DE8}") = "media-server", "media-server", "{785AC37C-AE99-4AEC-A4B2-C792292C84F9}"
	ProjectSection(SolutionItems) = preProject
		media-server\.dockerignore = media-server\.dockerignore
		media-server\.gitignore = media-server\.gitignore
		media-server\config.js = media-server\config.js
		media-server\docker-compose.yml = media-server\docker-compose.yml
		media-server\Dockerfile = media-server\Dockerfile
		media-server\index.js = media-server\index.js
		media-server\package.json = media-server\package.json
		media-server\pnpm-lock.yaml = media-server\pnpm-lock.yaml
	EndProjectSection
EndProject
Project("{2150E333-8FDC-42A3-9474-1A3956D46DE8}") = "http", "http", "{64A7CBC7-0B0B-45B8-93CA-8A2CC3AFFF0F}"
	ProjectSection(SolutionItems) = preProject
		media-server\http\axios.js = media-server\http\axios.js
	EndProjectSection
EndProject
Project("{2150E333-8FDC-42A3-9474-1A3956D46DE8}") = "settings", "settings", "{7B41755D-E9CA-4BAF-8272-4ED1E750264E}"
	ProjectSection(SolutionItems) = preProject
		media-server\settings\app-settings.json = media-server\settings\app-settings.json
		media-server\settings\secrets.json = media-server\settings\secrets.json
	EndProjectSection
EndProject
Project("{2150E333-8FDC-42A3-9474-1A3956D46DE8}") = "services", "services", "{1304B263-05EF-4F7E-84AB-5454B4218CB0}"
EndProject
Project("{2150E333-8FDC-42A3-9474-1A3956D46DE8}") = "stream", "stream", "{40767337-6BCB-4A8B-8FEC-90D39F82639C}"
	ProjectSection(SolutionItems) = preProject
		media-server\services\stream\stream-proxy-service.js = media-server\services\stream\stream-proxy-service.js
		media-server\services\stream\stream-service.js = media-server\services\stream\stream-service.js
	EndProjectSection
EndProject
Global
	GlobalSection(SolutionConfigurationPlatforms) = preSolution
		Debug|Any CPU = Debug|Any CPU
		Release|Any CPU = Release|Any CPU
	EndGlobalSection
	GlobalSection(ProjectConfigurationPlatforms) = postSolution
		{2FCAD7AB-5614-45DD-AC8C-BA137765A1D9}.Debug|Any CPU.ActiveCfg = Debug|Any CPU
		{2FCAD7AB-5614-45DD-AC8C-BA137765A1D9}.Debug|Any CPU.Build.0 = Debug|Any CPU
		{2FCAD7AB-5614-45DD-AC8C-BA137765A1D9}.Release|Any CPU.ActiveCfg = Release|Any CPU
		{2FCAD7AB-5614-45DD-AC8C-BA137765A1D9}.Release|Any CPU.Build.0 = Release|Any CPU
		{F46517AD-4587-48C4-B290-31A88277F8DF}.Debug|Any CPU.ActiveCfg = Debug|Any CPU
		{F46517AD-4587-48C4-B290-31A88277F8DF}.Debug|Any CPU.Build.0 = Debug|Any CPU
		{F46517AD-4587-48C4-B290-31A88277F8DF}.Release|Any CPU.ActiveCfg = Release|Any CPU
		{F46517AD-4587-48C4-B290-31A88277F8DF}.Release|Any CPU.Build.0 = Release|Any CPU
		{EC1590D2-64FB-4F95-967A-4625C6876C20}.Debug|Any CPU.ActiveCfg = Debug|Any CPU
		{EC1590D2-64FB-4F95-967A-4625C6876C20}.Debug|Any CPU.Build.0 = Debug|Any CPU
		{EC1590D2-64FB-4F95-967A-4625C6876C20}.Release|Any CPU.ActiveCfg = Release|Any CPU
		{EC1590D2-64FB-4F95-967A-4625C6876C20}.Release|Any CPU.Build.0 = Release|Any CPU
		{229389F1-20CD-48D0-A887-C0EED384898E}.Debug|Any CPU.ActiveCfg = Debug|Any CPU
		{229389F1-20CD-48D0-A887-C0EED384898E}.Debug|Any CPU.Build.0 = Debug|Any CPU
		{229389F1-20CD-48D0-A887-C0EED384898E}.Release|Any CPU.ActiveCfg = Release|Any CPU
		{229389F1-20CD-48D0-A887-C0EED384898E}.Release|Any CPU.Build.0 = Release|Any CPU
		{7FA72C71-699B-4D91-BE84-413F9EA3474D}.Debug|Any CPU.ActiveCfg = Debug|Any CPU
		{7FA72C71-699B-4D91-BE84-413F9EA3474D}.Debug|Any CPU.Build.0 = Debug|Any CPU
		{7FA72C71-699B-4D91-BE84-413F9EA3474D}.Release|Any CPU.ActiveCfg = Release|Any CPU
		{7FA72C71-699B-4D91-BE84-413F9EA3474D}.Release|Any CPU.Build.0 = Release|Any CPU
	EndGlobalSection
	GlobalSection(SolutionProperties) = preSolution
		HideSolutionNode = FALSE
	EndGlobalSection
	GlobalSection(NestedProjects) = preSolution
		{4E78F46D-FE3F-4624-AD83-17D2BDCA6C26} = {0FA737DF-6D7C-4A7E-B274-FD8895266285}
		{2FCAD7AB-5614-45DD-AC8C-BA137765A1D9} = {4E78F46D-FE3F-4624-AD83-17D2BDCA6C26}
		{F46517AD-4587-48C4-B290-31A88277F8DF} = {4E78F46D-FE3F-4624-AD83-17D2BDCA6C26}
		{EC1590D2-64FB-4F95-967A-4625C6876C20} = {4E78F46D-FE3F-4624-AD83-17D2BDCA6C26}
		{229389F1-20CD-48D0-A887-C0EED384898E} = {4E78F46D-FE3F-4624-AD83-17D2BDCA6C26}
		{7FA72C71-699B-4D91-BE84-413F9EA3474D} = {4E78F46D-FE3F-4624-AD83-17D2BDCA6C26}
		{071A76B3-63B2-4654-B814-60622F012D7E} = {0FA737DF-6D7C-4A7E-B274-FD8895266285}
		{64A7CBC7-0B0B-45B8-93CA-8A2CC3AFFF0F} = {785AC37C-AE99-4AEC-A4B2-C792292C84F9}
		{7B41755D-E9CA-4BAF-8272-4ED1E750264E} = {785AC37C-AE99-4AEC-A4B2-C792292C84F9}
		{1304B263-05EF-4F7E-84AB-5454B4218CB0} = {785AC37C-AE99-4AEC-A4B2-C792292C84F9}
		{40767337-6BCB-4A8B-8FEC-90D39F82639C} = {1304B263-05EF-4F7E-84AB-5454B4218CB0}
	EndGlobalSection
	GlobalSection(ExtensibilityGlobals) = postSolution
		SolutionGuid = {E6A6F31D-D34D-419F-A8D9-F395C1409CBE}
	EndGlobalSection
EndGlobal
